<?xml version="1.0" encoding="UTF-8" standalone="yes" ?>
<CodeBlocks_project_file>
	<FileVersion major="1" minor="6" />
	<Project>
		<Option title="Armament-Engine" />
		<Option pch_mode="2" />
		<Option compiler="gcc" />
		<Build>
			<Target title="Debug">
				<Option output="bin/Debug/Armament-Engine" prefix_auto="1" extension_auto="1" />
				<Option object_output="obj/Debug/" />
				<Option type="1" />
				<Option compiler="gcc" />
				<Compiler>
					<Add option="-g" />
					<Add directory="src/core/canvas" />
					<Add directory="src/modules/entity-component" />
					<Add directory="src/modules/subject-observer" />
				</Compiler>
			</Target>
			<Target title="Release">
				<Option output="bin/Release/Armament-Engine" prefix_auto="1" extension_auto="1" />
				<Option object_output="obj/Release/" />
				<Option type="1" />
				<Option compiler="gcc" />
				<Compiler>
					<Add option="-O2" />
					<Add directory="src/core/canvas" />
					<Add directory="src/modules/entity-component" />
					<Add directory="src/modules/subject-observer" />
				</Compiler>
				<Linker>
					<Add option="-s" />
				</Linker>
			</Target>
		</Build>
		<Compiler>
			<Add option="-Wall" />
		</Compiler>
		<Linker>
			<Add library="GL" />
			<Add library="SDL2" />
			<Add library="/usr/local/lib/libSDL2.a" />
			<Add library="GLEW" />
		</Linker>
		<Unit filename="src/common/includes/common.h" />
		<Unit filename="src/core/canvas/canvas.cpp" />
		<Unit filename="src/core/canvas/canvas.h" />
		<Unit filename="src/main.cpp" />
		<Unit filename="src/modules/entity-component/component.h" />
		<Unit filename="src/modules/entity-component/entity.cpp" />
		<Unit filename="src/modules/entity-component/entity.h" />
		<Unit filename="src/modules/subject-observer/observer.cpp" />
		<Unit filename="src/modules/subject-observer/observer.h" />
		<Unit filename="src/modules/subject-observer/subject.cpp" />
		<Unit filename="src/modules/subject-observer/subject.h" />
		<Extensions>
			<code_completion />
			<debugger />
		</Extensions>
	</Project>
</CodeBlocks_project_file>
